// !$*UTF8*$!
{
	archiveVersion = 1;
	classes = {
	};
	objectVersion = 51;
	objects = {

/* Begin PBXBuildFile section */
		61605E716F1ECDBB01FE9C01 /* Pods_Uber_Clone.framework in Frameworks */ = {isa = PBXBuildFile; fileRef = 043040EC9AC0CB4C893AFEDB /* Pods_Uber_Clone.framework */; };
		952337AF25B512140041883A /* TableViewControllerRequisicoes.swift in Sources */ = {isa = PBXBuildFile; fileRef = 952337AE25B512140041883A /* TableViewControllerRequisicoes.swift */; };
		954AD54A25B9158F00FE2300 /* Requisicoes .swift in Sources */ = {isa = PBXBuildFile; fileRef = 954AD54925B9158F00FE2300 /* Requisicoes .swift */; };
		95B1152425926180006C5EE1 /* AppDelegate.swift in Sources */ = {isa = PBXBuildFile; fileRef = 95B1152325926180006C5EE1 /* AppDelegate.swift */; };
		95B1152625926180006C5EE1 /* SceneDelegate.swift in Sources */ = {isa = PBXBuildFile; fileRef = 95B1152525926180006C5EE1 /* SceneDelegate.swift */; };
		95B1152825926180006C5EE1 /* ViewController.swift in Sources */ = {isa = PBXBuildFile; fileRef = 95B1152725926180006C5EE1 /* ViewController.swift */; };
		95B1152B25926180006C5EE1 /* Main.storyboard in Resources */ = {isa = PBXBuildFile; fileRef = 95B1152925926180006C5EE1 /* Main.storyboard */; };
		95B1152D25926187006C5EE1 /* Assets.xcassets in Resources */ = {isa = PBXBuildFile; fileRef = 95B1152C25926187006C5EE1 /* Assets.xcassets */; };
		95B1153025926187006C5EE1 /* LaunchScreen.storyboard in Resources */ = {isa = PBXBuildFile; fileRef = 95B1152E25926187006C5EE1 /* LaunchScreen.storyboard */; };
		95BB47C0259D637F002B3901 /* GoogleService-Info.plist in Resources */ = {isa = PBXBuildFile; fileRef = 95BB47BF259D637F002B3901 /* GoogleService-Info.plist */; };
		95C59DAA25A7CC21009F8491 /* PassageiroViewController.swift in Sources */ = {isa = PBXBuildFile; fileRef = 95C59DA925A7CC21009F8491 /* PassageiroViewController.swift */; };
		95E120D62596EE740026C8D6 /* ViewControllerEntrar.swift in Sources */ = {isa = PBXBuildFile; fileRef = 95E120D52596EE740026C8D6 /* ViewControllerEntrar.swift */; };
		95E120D82596EEA60026C8D6 /* CadastrarViewController.swift in Sources */ = {isa = PBXBuildFile; fileRef = 95E120D72596EEA60026C8D6 /* CadastrarViewController.swift */; };
/* End PBXBuildFile section */

/* Begin PBXFileReference section */
		04073EC2E4611ED22696AB38 /* Pods-Uber Clone.release.xcconfig */ = {isa = PBXFileReference; includeInIndex = 1; lastKnownFileType = text.xcconfig; name = "Pods-Uber Clone.release.xcconfig"; path = "Target Support Files/Pods-Uber Clone/Pods-Uber Clone.release.xcconfig"; sourceTree = "<group>"; };
		043040EC9AC0CB4C893AFEDB /* Pods_Uber_Clone.framework */ = {isa = PBXFileReference; explicitFileType = wrapper.framework; includeInIndex = 0; path = Pods_Uber_Clone.framework; sourceTree = BUILT_PRODUCTS_DIR; };
		9153E1FCDB7D8F0510213216 /* Pods-Uber Clone.debug.xcconfig */ = {isa = PBXFileReference; includeInIndex = 1; lastKnownFileType = text.xcconfig; name = "Pods-Uber Clone.debug.xcconfig"; path = "Target Support Files/Pods-Uber Clone/Pods-Uber Clone.debug.xcconfig"; sourceTree = "<group>"; };
		952337AE25B512140041883A /* TableViewControllerRequisicoes.swift */ = {isa = PBXFileReference; lastKnownFileType = sourcecode.swift; path = TableViewControllerRequisicoes.swift; sourceTree = "<group>"; };
		954AD54925B9158F00FE2300 /* Requisicoes .swift */ = {isa = PBXFileReference; lastKnownFileType = sourcecode.swift; path = "Requisicoes .swift"; sourceTree = "<group>"; };
		95B1152025926180006C5EE1 /* Uber Clone.app */ = {isa = PBXFileReference; explicitFileType = wrapper.application; includeInIndex = 0; path = "Uber Clone.app"; sourceTree = BUILT_PRODUCTS_DIR; };
		95B1152325926180006C5EE1 /* AppDelegate.swift */ = {isa = PBXFileReference; lastKnownFileType = sourcecode.swift; path = AppDelegate.swift; sourceTree = "<group>"; };
		95B1152525926180006C5EE1 /* SceneDelegate.swift */ = {isa = PBXFileReference; lastKnownFileType = sourcecode.swift; path = SceneDelegate.swift; sourceTree = "<group>"; };
		95B1152725926180006C5EE1 /* ViewController.swift */ = {isa = PBXFileReference; lastKnownFileType = sourcecode.swift; path = ViewController.swift; sourceTree = "<group>"; };
		95B1152A25926180006C5EE1 /* Base */ = {isa = PBXFileReference; lastKnownFileType = file.storyboard; name = Base; path = Base.lproj/Main.storyboard; sourceTree = "<group>"; };
		95B1152C25926187006C5EE1 /* Assets.xcassets */ = {isa = PBXFileReference; lastKnownFileType = folder.assetcatalog; path = Assets.xcassets; sourceTree = "<group>"; };
		95B1152F25926187006C5EE1 /* Base */ = {isa = PBXFileReference; lastKnownFileType = file.storyboard; name = Base; path = Base.lproj/LaunchScreen.storyboard; sourceTree = "<group>"; };
		95B1153125926187006C5EE1 /* Info.plist */ = {isa = PBXFileReference; lastKnownFileType = text.plist.xml; path = Info.plist; sourceTree = "<group>"; };
		95BB47BF259D637F002B3901 /* GoogleService-Info.plist */ = {isa = PBXFileReference; fileEncoding = 4; lastKnownFileType = text.plist.xml; name = "GoogleService-Info.plist"; path = "../../../../../Users/joaopaiva/Downloads/GoogleService-Info.plist"; sourceTree = "<group>"; };
		95C59DA925A7CC21009F8491 /* PassageiroViewController.swift */ = {isa = PBXFileReference; lastKnownFileType = sourcecode.swift; path = PassageiroViewController.swift; sourceTree = "<group>"; };
		95E120D52596EE740026C8D6 /* ViewControllerEntrar.swift */ = {isa = PBXFileReference; lastKnownFileType = sourcecode.swift; path = ViewControllerEntrar.swift; sourceTree = "<group>"; };
		95E120D72596EEA60026C8D6 /* CadastrarViewController.swift */ = {isa = PBXFileReference; lastKnownFileType = sourcecode.swift; path = CadastrarViewController.swift; sourceTree = "<group>"; };
/* End PBXFileReference section */

/* Begin PBXFrameworksBuildPhase section */
		95B1151D25926180006C5EE1 /* Frameworks */ = {
			isa = PBXFrameworksBuildPhase;
			buildActionMask = 2147483647;
			files = (
				61605E716F1ECDBB01FE9C01 /* Pods_Uber_Clone.framework in Frameworks */,
			);
			runOnlyForDeploymentPostprocessing = 0;
		};
/* End PBXFrameworksBuildPhase section */

/* Begin PBXGroup section */
		2FA886103698DEBC44A0D851 /* Frameworks */ = {
			isa = PBXGroup;
			children = (
				043040EC9AC0CB4C893AFEDB /* Pods_Uber_Clone.framework */,
			);
			name = Frameworks;
			sourceTree = "<group>";
		};
		70DB2B7C8FEF6980C2549A21 /* Pods */ = {
			isa = PBXGroup;
			children = (
				9153E1FCDB7D8F0510213216 /* Pods-Uber Clone.debug.xcconfig */,
				04073EC2E4611ED22696AB38 /* Pods-Uber Clone.release.xcconfig */,
			);
			path = Pods;
			sourceTree = "<group>";
		};
		95B1151725926180006C5EE1 = {
			isa = PBXGroup;
			children = (
				95B1152225926180006C5EE1 /* Uber Clone */,
				95B1152125926180006C5EE1 /* Products */,
				70DB2B7C8FEF6980C2549A21 /* Pods */,
				2FA886103698DEBC44A0D851 /* Frameworks */,
			);
			sourceTree = "<group>";
		};
		95B1152125926180006C5EE1 /* Products */ = {
			isa = PBXGroup;
			children = (
				95B1152025926180006C5EE1 /* Uber Clone.app */,
			);
			name = Products;
			sourceTree = "<group>";
		};
		95B1152225926180006C5EE1 /* Uber Clone */ = {
			isa = PBXGroup;
			children = (
				95B1152325926180006C5EE1 /* AppDelegate.swift */,
				95E120D42596EE130026C8D6 /* Model */,
				95E120D32596EDE90026C8D6 /* ViewController */,
				95B1152525926180006C5EE1 /* SceneDelegate.swift */,
				95B1152925926180006C5EE1 /* Main.storyboard */,
				95B1152C25926187006C5EE1 /* Assets.xcassets */,
				95B1152E25926187006C5EE1 /* LaunchScreen.storyboard */,
				95BB47BF259D637F002B3901 /* GoogleService-Info.plist */,
				95B1153125926187006C5EE1 /* Info.plist */,
			);
			path = "Uber Clone";
			sourceTree = "<group>";
		};
		95E120D32596EDE90026C8D6 /* ViewController */ = {
			isa = PBXGroup;
			children = (
				95B1152725926180006C5EE1 /* ViewController.swift */,
				95E120D52596EE740026C8D6 /* ViewControllerEntrar.swift */,
				95E120D72596EEA60026C8D6 /* CadastrarViewController.swift */,
				95C59DA925A7CC21009F8491 /* PassageiroViewController.swift */,
				952337AE25B512140041883A /* TableViewControllerRequisicoes.swift */,
				954AD54925B9158F00FE2300 /* Requisicoes .swift */,
			);
			path = ViewController;
			sourceTree = "<group>";
		};
		95E120D42596EE130026C8D6 /* Model */ = {
			isa = PBXGroup;
			children = (
			);
			path = Model;
			sourceTree = "<group>";
		};
/* End PBXGroup section */

/* Begin PBXNativeTarget section */
		95B1151F25926180006C5EE1 /* Uber Clone */ = {
			isa = PBXNativeTarget;
			buildConfigurationList = 95B1153425926187006C5EE1 /* Build configuration list for PBXNativeTarget "Uber Clone" */;
			buildPhases = (
				EECECABF60C0B27F2A317FF0 /* [CP] Check Pods Manifest.lock */,
				95B1151C25926180006C5EE1 /* Sources */,
				95B1151D25926180006C5EE1 /* Frameworks */,
				95B1151E25926180006C5EE1 /* Resources */,
				2F2E077F0D5790A1E9AC85DC /* [CP] Embed Pods Frameworks */,
			);
			buildRules = (
			);
			dependencies = (
			);
			name = "Uber Clone";
			productName = "Uber Clone";
			productReference = 95B1152025926180006C5EE1 /* Uber Clone.app */;
			productType = "com.apple.product-type.application";
		};
/* End PBXNativeTarget section */

/* Begin PBXProject section */
		95B1151825926180006C5EE1 /* Project object */ = {
			isa = PBXProject;
			attributes = {
				LastSwiftUpdateCheck = 1150;
				LastUpgradeCheck = 1150;
				ORGANIZATIONNAME = "João Carlos Paiva";
				TargetAttributes = {
					95B1151F25926180006C5EE1 = {
						CreatedOnToolsVersion = 11.5;
					};
				};
			};
			buildConfigurationList = 95B1151B25926180006C5EE1 /* Build configuration list for PBXProject "Uber Clone" */;
			compatibilityVersion = "Xcode 9.3";
			developmentRegion = en;
			hasScannedForEncodings = 0;
			knownRegions = (
				en,
				Base,
			);
			mainGroup = 95B1151725926180006C5EE1;
			productRefGroup = 95B1152125926180006C5EE1 /* Products */;
			projectDirPath = "";
			projectRoot = "";
			targets = (
				95B1151F25926180006C5EE1 /* Uber Clone */,
			);
		};
/* End PBXProject section */

/* Begin PBXResourcesBuildPhase section */
		95B1151E25926180006C5EE1 /* Resources */ = {
			isa = PBXResourcesBuildPhase;
			buildActionMask = 2147483647;
			files = (
				95B1153025926187006C5EE1 /* LaunchScreen.storyboard in Resources */,
				95BB47C0259D637F002B3901 /* GoogleService-Info.plist in Resources */,
				95B1152D25926187006C5EE1 /* Assets.xcassets in Resources */,
				95B1152B25926180006C5EE1 /* Main.storyboard in Resources */,
			);
			runOnlyForDeploymentPostprocessing = 0;
		};
/* End PBXResourcesBuildPhase section */

/* Begin PBXShellScriptBuildPhase section */
		2F2E077F0D5790A1E9AC85DC /* [CP] Embed Pods Frameworks */ = {
			isa = PBXShellScriptBuildPhase;
			buildActionMask = 2147483647;
			files = (
			);
			inputFileListPaths = (
				"${PODS_ROOT}/Target Support Files/Pods-Uber Clone/Pods-Uber Clone-frameworks-${CONFIGURATION}-input-files.xcfilelist",
			);
			name = "[CP] Embed Pods Frameworks";
			outputFileListPaths = (
				"${PODS_ROOT}/Target Support Files/Pods-Uber Clone/Pods-Uber Clone-frameworks-${CONFIGURATION}-output-files.xcfilelist",
			);
			runOnlyForDeploymentPostprocessing = 0;
			shellPath = /bin/sh;
			shellScript = "\"${PODS_ROOT}/Target Support Files/Pods-Uber Clone/Pods-Uber Clone-frameworks.sh\"\n";
			showEnvVarsInLog = 0;
		};
		EECECABF60C0B27F2A317FF0 /* [CP] Check Pods Manifest.lock */ = {
			isa = PBXShellScriptBuildPhase;
			buildActionMask = 2147483647;
			files = (
			);
			inputFileListPaths = (
			);
			inputPaths = (
				"${PODS_PODFILE_DIR_PATH}/Podfile.lock",
				"${PODS_ROOT}/Manifest.lock",
			);
			name = "[CP] Check Pods Manifest.lock";
			outputFileListPaths = (
			);
			outputPaths = (
				"$(DERIVED_FILE_DIR)/Pods-Uber Clone-checkManifestLockResult.txt",
			);
			runOnlyForDeploymentPostprocessing = 0;
			shellPath = /bin/sh;
			shellScript = "diff \"${PODS_PODFILE_DIR_PATH}/Podfile.lock\" \"${PODS_ROOT}/Manifest.lock\" > /dev/null\nif [ $? != 0 ] ; then\n    # print error to STDERR\n    echo \"error: The sandbox is not in sync with the Podfile.lock. Run 'pod install' or update your CocoaPods installation.\" >&2\n    exit 1\nfi\n# This output is used by Xcode 'outputs' to avoid re-running this script phase.\necho \"SUCCESS\" > \"${SCRIPT_OUTPUT_FILE_0}\"\n";
			showEnvVarsInLog = 0;
		};
/* End PBXShellScriptBuildPhase section */

/* Begin PBXSourcesBuildPhase section */
		95B1151C25926180006C5EE1 /* Sources */ = {
			isa = PBXSourcesBuildPhase;
			buildActionMask = 2147483647;
			files = (
				952337AF25B512140041883A /* TableViewControllerRequisicoes.swift in Sources */,
				954AD54A25B9158F00FE2300 /* Requisicoes .swift in Sources */,
				95C59DAA25A7CC21009F8491 /* PassageiroViewController.swift in Sources */,
				95E120D62596EE740026C8D6 /* ViewControllerEntrar.swift in Sources */,
				95B1152825926180006C5EE1 /* ViewController.swift in Sources */,
				95E120D82596EEA60026C8D6 /* CadastrarViewController.swift in Sources */,
				95B1152425926180006C5EE1 /* AppDelegate.swift in Sources */,
				95B1152625926180006C5EE1 /* SceneDelegate.swift in Sources */,
			);
			runOnlyForDeploymentPostprocessing = 0;
		};
/* End PBXSourcesBuildPhase section */

/* Begin PBXVariantGroup section */
		95B1152925926180006C5EE1 /* Main.storyboard */ = {
			isa = PBXVariantGroup;
			children = (
				95B1152A25926180006C5EE1 /* Base */,
			);
			name = Main.storyboard;
			sourceTree = "<group>";
		};
		95B1152E25926187006C5EE1 /* LaunchScreen.storyboard */ = {
			isa = PBXVariantGroup;
			children = (
				95B1152F25926187006C5EE1 /* Base */,
			);
			name = LaunchScreen.storyboard;
			sourceTree = "<group>";
		};
/* End PBXVariantGroup section */

/* Begin XCBuildConfiguration section */
		95B1153225926187006C5EE1 /* Debug */ = {
			isa = XCBuildConfiguration;
			buildSettings = {
				ALWAYS_SEARCH_USER_PATHS = NO;
				CLANG_ANALYZER_NONNULL = YES;
				CLANG_ANALYZER_NUMBER_OBJECT_CONVERSION = YES_AGGRESSIVE;
				CLANG_CXX_LANGUAGE_STANDARD = "gnu++14";
				CLANG_CXX_LIBRARY = "libc++";
				CLANG_ENABLE_MODULES = YES;
				CLANG_ENABLE_OBJC_ARC = YES;
				CLANG_ENABLE_OBJC_WEAK = YES;
				CLANG_WARN_BLOCK_CAPTURE_AUTORELEASING = YES;
				CLANG_WARN_BOOL_CONVERSION = YES;
				CLANG_WARN_COMMA = YES;
				CLANG_WARN_CONSTANT_CONVERSION = YES;
				CLANG_WARN_DEPRECATED_OBJC_IMPLEMENTATIONS = YES;
				CLANG_WARN_DIRECT_OBJC_ISA_USAGE = YES_ERROR;
				CLANG_WARN_DOCUMENTATION_COMMENTS = YES;
				CLANG_WARN_EMPTY_BODY = YES;
				CLANG_WARN_ENUM_CONVERSION = YES;
				CLANG_WARN_INFINITE_RECURSION = YES;
				CLANG_WARN_INT_CONVERSION = YES;
				CLANG_WARN_NON_LITERAL_NULL_CONVERSION = YES;
				CLANG_WARN_OBJC_IMPLICIT_RETAIN_SELF = YES;
				CLANG_WARN_OBJC_LITERAL_CONVERSION = YES;
				CLANG_WARN_OBJC_ROOT_CLASS = YES_ERROR;
				CLANG_WARN_RANGE_LOOP_ANALYSIS = YES;
				CLANG_WARN_STRICT_PROTOTYPES = YES;
				CLANG_WARN_SUSPICIOUS_MOVE = YES;
				CLANG_WARN_UNGUARDED_AVAILABILITY = YES_AGGRESSIVE;
				CLANG_WARN_UNREACHABLE_CODE = YES;
				CLANG_WARN__DUPLICATE_METHOD_MATCH = YES;
				COPY_PHASE_STRIP = NO;
				DEBUG_INFORMATION_FORMAT = dwarf;
				ENABLE_STRICT_OBJC_MSGSEND = YES;
				ENABLE_TESTABILITY = YES;
				GCC_C_LANGUAGE_STANDARD = gnu11;
				GCC_DYNAMIC_NO_PIC = NO;
				GCC_NO_COMMON_BLOCKS = YES;
				GCC_OPTIMIZATION_LEVEL = 0;
				GCC_PREPROCESSOR_DEFINITIONS = (
					"DEBUG=1",
					"$(inherited)",
				);
				GCC_WARN_64_TO_32_BIT_CONVERSION = YES;
				GCC_WARN_ABOUT_RETURN_TYPE = YES_ERROR;
				GCC_WARN_UNDECLARED_SELECTOR = YES;
				GCC_WARN_UNINITIALIZED_AUTOS = YES_AGGRESSIVE;
				GCC_WARN_UNUSED_FUNCTION = YES;
				GCC_WARN_UNUSED_VARIABLE = YES;
				IPHONEOS_DEPLOYMENT_TARGET = 13.5;
				MTL_ENABLE_DEBUG_INFO = INCLUDE_SOURCE;
				MTL_FAST_MATH = YES;
				ONLY_ACTIVE_ARCH = YES;
				SDKROOT = iphoneos;
				SWIFT_ACTIVE_COMPILATION_CONDITIONS = DEBUG;
				SWIFT_OPTIMIZATION_LEVEL = "-Onone";
			};
			name = Debug;
		};
		95B1153325926187006C5EE1 /* Release */ = {
			isa = XCBuildConfiguration;
			buildSettings = {
				ALWAYS_SEARCH_USER_PATHS = NO;
				CLANG_ANALYZER_NONNULL = YES;
				CLANG_ANALYZER_NUMBER_OBJECT_CONVERSION = YES_AGGRESSIVE;
				CLANG_CXX_LANGUAGE_STANDARD = "gnu++14";
				CLANG_CXX_LIBRARY = "libc++";
				CLANG_ENABLE_MODULES = YES;
				CLANG_ENABLE_OBJC_ARC = YES;
				CLANG_ENABLE_OBJC_WEAK = YES;
				CLANG_WARN_BLOCK_CAPTURE_AUTORELEASING = YES;
				CLANG_WARN_BOOL_CONVERSION = YES;
				CLANG_WARN_COMMA = YES;
				CLANG_WARN_CONSTANT_CONVERSION = YES;
				CLANG_WARN_DEPRECATED_OBJC_IMPLEMENTATIONS = YES;
				CLANG_WARN_DIRECT_OBJC_ISA_USAGE = YES_ERROR;
				CLANG_WARN_DOCUMENTATION_COMMENTS = YES;
				CLANG_WARN_EMPTY_BODY = YES;
				CLANG_WARN_ENUM_CONVERSION = YES;
				CLANG_WARN_INFINITE_RECURSION = YES;
				CLANG_WARN_INT_CONVERSION = YES;
				CLANG_WARN_NON_LITERAL_NULL_CONVERSION = YES;
				CLANG_WARN_OBJC_IMPLICIT_RETAIN_SELF = YES;
				CLANG_WARN_OBJC_LITERAL_CONVERSION = YES;
				CLANG_WARN_OBJC_ROOT_CLASS = YES_ERROR;
				CLANG_WARN_RANGE_LOOP_ANALYSIS = YES;
				CLANG_WARN_STRICT_PROTOTYPES = YES;
				CLANG_WARN_SUSPICIOUS_MOVE = YES;
				CLANG_WARN_UNGUARDED_AVAILABILITY = YES_AGGRESSIVE;
				CLANG_WARN_UNREACHABLE_CODE = YES;
				CLANG_WARN__DUPLICATE_METHOD_MATCH = YES;
				COPY_PHASE_STRIP = NO;
				DEBUG_INFORMATION_FORMAT = "dwarf-with-dsym";
				ENABLE_NS_ASSERTIONS = NO;
				ENABLE_STRICT_OBJC_MSGSEND = YES;
				GCC_C_LANGUAGE_STANDARD = gnu11;
				GCC_NO_COMMON_BLOCKS = YES;
				GCC_WARN_64_TO_32_BIT_CONVERSION = YES;
				GCC_WARN_ABOUT_RETURN_TYPE = YES_ERROR;
				GCC_WARN_UNDECLARED_SELECTOR = YES;
				GCC_WARN_UNINITIALIZED_AUTOS = YES_AGGRESSIVE;
				GCC_WARN_UNUSED_FUNCTION = YES;
				GCC_WARN_UNUSED_VARIABLE = YES;
				IPHONEOS_DEPLOYMENT_TARGET = 13.5;
				MTL_ENABLE_DEBUG_INFO = NO;
				MTL_FAST_MATH = YES;
				SDKROOT = iphoneos;
				SWIFT_COMPILATION_MODE = wholemodule;
				SWIFT_OPTIMIZATION_LEVEL = "-O";
				VALIDATE_PRODUCT = YES;
			};
			name = Release;
		};
		95B1153525926187006C5EE1 /* Debug */ = {
			isa = XCBuildConfiguration;
			baseConfigurationReference = 9153E1FCDB7D8F0510213216 /* Pods-Uber Clone.debug.xcconfig */;
			buildSettings = {
				ASSETCATALOG_COMPILER_APPICON_NAME = AppIcon;
				CODE_SIGN_STYLE = Automatic;
				DEVELOPMENT_TEAM = 52623WGB5D;
				INFOPLIST_FILE = "Uber Clone/Info.plist";
				LD_RUNPATH_SEARCH_PATHS = (
					"$(inherited)",
					"@executable_path/Frameworks",
				);
				PRODUCT_BUNDLE_IDENTIFIER = "paivaajoao.Uber-Clone";
				PRODUCT_NAME = "$(TARGET_NAME)";
				SWIFT_VERSION = 5.0;
				TARGETED_DEVICE_FAMILY = "1,2";
			};
			name = Debug;
		};
		95B1153625926187006C5EE1 /* Release */ = {
			isa = XCBuildConfiguration;
			baseConfigurationReference = 04073EC2E4611ED22696AB38 /* Pods-Uber Clone.release.xcconfig */;
			buildSettings = {
				ASSETCATALOG_COMPILER_APPICON_NAME = AppIcon;
				CODE_SIGN_STYLE = Automatic;
				DEVELOPMENT_TEAM = 52623WGB5D;
				INFOPLIST_FILE = "Uber Clone/Info.plist";
				LD_RUNPATH_SEARCH_PATHS = (
					"$(inherited)",
					"@executable_path/Frameworks",
				);
				PRODUCT_BUNDLE_IDENTIFIER = "paivaajoao.Uber-Clone";
				PRODUCT_NAME = "$(TARGET_NAME)";
				SWIFT_VERSION = 5.0;
				TARGETED_DEVICE_FAMILY = "1,2";
			};
			name = Release;
		};
/* End XCBuildConfiguration section */

/* Begin XCConfigurationList section */
		95B1151B25926180006C5EE1 /* Build configuration list for PBXProject "Uber Clone" */ = {
			isa = XCConfigurationList;
			buildConfigurations = (
				95B1153225926187006C5EE1 /* Debug */,
				95B1153325926187006C5EE1 /* Release */,
			);
			defaultConfigurationIsVisible = 0;
			defaultConfigurationName = Release;
		};
		95B1153425926187006C5EE1 /* Build configuration list for PBXNativeTarget "Uber Clone" */ = {
			isa = XCConfigurationList;
			buildConfigurations = (
				95B1153525926187006C5EE1 /* Debug */,
				95B1153625926187006C5EE1 /* Release */,
			);
			defaultConfigurationIsVisible = 0;
			defaultConfigurationName = Release;
		};
/* End XCConfigurationList section */
	};
	rootObject = 95B1151825926180006C5EE1 /* Project object */;
}
